
Microsoft Visual Studio Solution File, Format Version 12.00
# Visual Studio 15
VisualStudioVersion = 15.0.26124.0
MinimumVisualStudioVersion = 15.0.26124.0
Project("{FAE04EC0-301F-11D3-BF4B-00C04F79EFBC}") = "Decorator", "Structural\Decorator\Decorator.csproj", "{8C52BAA9-68B3-47C2-912C-07ECF4AB0DEB}"
EndProject
Project("{FAE04EC0-301F-11D3-BF4B-00C04F79EFBC}") = "AbstractFactory", "Creational\AbstractFactory\AbstractFactory.csproj", "{38772515-3BFB-4C5B-ABB7-5B7819842094}"
EndProject
Project("{2150E333-8FDC-42A3-9474-1A3956D46DE8}") = "Creational", "Creational", "{9AD62C89-54F6-472F-90D5-3C8D95C8018E}"
EndProject
Project("{FAE04EC0-301F-11D3-BF4B-00C04F79EFBC}") = "Builder", "Creational\Builder\Builder.csproj", "{B7A21669-1137-4785-AE82-8509926DFE2B}"
EndProject
Project("{FAE04EC0-301F-11D3-BF4B-00C04F79EFBC}") = "FactoryMethod", "Creational\FactoryMethod\FactoryMethod.csproj", "{06537608-BDEA-4AA3-A87A-9737D4D5F204}"
EndProject
Project("{FAE04EC0-301F-11D3-BF4B-00C04F79EFBC}") = "Prototype", "Creational\Prototype\Prototype.csproj", "{A6DB0EBD-01CD-412A-907B-FB03AE107766}"
EndProject
Project("{FAE04EC0-301F-11D3-BF4B-00C04F79EFBC}") = "Singleton", "Creational\Singleton\Singleton.csproj", "{390D54FF-0D80-4A3B-B59B-216AD6807EAA}"
EndProject
Project("{2150E333-8FDC-42A3-9474-1A3956D46DE8}") = "Structural", "Structural", "{6C8CBC3F-4F85-4AE4-A2A8-B7F72913A7F5}"
EndProject
Project("{FAE04EC0-301F-11D3-BF4B-00C04F79EFBC}") = "Adapter", "Structural\Adapter\Adapter.csproj", "{46F71A4D-A253-4CBC-90C8-DD2317ED82BF}"
EndProject
Project("{FAE04EC0-301F-11D3-BF4B-00C04F79EFBC}") = "Proxy", "Structural\Proxy\Proxy.csproj", "{02834789-EC73-458B-A4D7-43A829D43B1C}"
EndProject
Project("{FAE04EC0-301F-11D3-BF4B-00C04F79EFBC}") = "Bridge", "Structural\Bridge\Bridge.csproj", "{8C8E3B91-2224-4F79-9B4A-461752AC8CCE}"
EndProject
Project("{2150E333-8FDC-42A3-9474-1A3956D46DE8}") = "Behavioral", "Behavioral", "{838D80C6-2E8C-464D-B3F7-56E4467335C8}"
EndProject
Project("{FAE04EC0-301F-11D3-BF4B-00C04F79EFBC}") = "Iterator", "Behavioral\Iterator\Iterator.csproj", "{F36B7B5B-65B5-4A53-8601-0EC721EF57D0}"
EndProject
Project("{FAE04EC0-301F-11D3-BF4B-00C04F79EFBC}") = "Visitor", "Behavioral\Visitor\Visitor.csproj", "{0A2D7C6F-8727-4945-8553-49A60A367A9E}"
EndProject
Project("{FAE04EC0-301F-11D3-BF4B-00C04F79EFBC}") = "Facade", "Structural\Facade\Facade.csproj", "{1FB6F893-48BD-49C8-AE9E-A887557F4AFF}"
EndProject
Project("{FAE04EC0-301F-11D3-BF4B-00C04F79EFBC}") = "Command", "Behavioral\Command\Command.csproj", "{377A2A9F-8EF3-4E70-A937-860F92B56073}"
EndProject
Project("{FAE04EC0-301F-11D3-BF4B-00C04F79EFBC}") = "Observer", "Behavioral\Observer\Observer.csproj", "{68EB0AB1-7677-4C70-AC30-A776558EA4F8}"
EndProject
Project("{FAE04EC0-301F-11D3-BF4B-00C04F79EFBC}") = "State", "Behavioral\State\State.csproj", "{FAA3EA8D-F950-4B74-99F3-859E26E0675E}"
EndProject
Project("{FAE04EC0-301F-11D3-BF4B-00C04F79EFBC}") = "Strategy", "Behavioral\Strategy\Strategy.csproj", "{73C4E4B6-F258-4763-B2E9-76FC9DE95033}"
EndProject
Project("{FAE04EC0-301F-11D3-BF4B-00C04F79EFBC}") = "ChainOfResponsibility", "Behavioral\ChainOfResponsibility\ChainOfResponsibility.csproj", "{FF509C3E-F124-4EF1-8AED-F1E329D10673}"
EndProject
Global
	GlobalSection(SolutionConfigurationPlatforms) = preSolution
		Debug|Any CPU = Debug|Any CPU
	EndGlobalSection
	GlobalSection(SolutionProperties) = preSolution
		HideSolutionNode = FALSE
	EndGlobalSection
	GlobalSection(ProjectConfigurationPlatforms) = postSolution
		{8C52BAA9-68B3-47C2-912C-07ECF4AB0DEB}.Debug|Any CPU.ActiveCfg = Debug|Any CPU
		{8C52BAA9-68B3-47C2-912C-07ECF4AB0DEB}.Debug|Any CPU.Build.0 = Debug|Any CPU
		{38772515-3BFB-4C5B-ABB7-5B7819842094}.Debug|Any CPU.ActiveCfg = Debug|Any CPU
		{38772515-3BFB-4C5B-ABB7-5B7819842094}.Debug|Any CPU.Build.0 = Debug|Any CPU
		{B7A21669-1137-4785-AE82-8509926DFE2B}.Debug|Any CPU.ActiveCfg = Debug|Any CPU
		{B7A21669-1137-4785-AE82-8509926DFE2B}.Debug|Any CPU.Build.0 = Debug|Any CPU
		{06537608-BDEA-4AA3-A87A-9737D4D5F204}.Debug|Any CPU.ActiveCfg = Debug|Any CPU
		{06537608-BDEA-4AA3-A87A-9737D4D5F204}.Debug|Any CPU.Build.0 = Debug|Any CPU
		{A6DB0EBD-01CD-412A-907B-FB03AE107766}.Debug|Any CPU.ActiveCfg = Debug|Any CPU
		{A6DB0EBD-01CD-412A-907B-FB03AE107766}.Debug|Any CPU.Build.0 = Debug|Any CPU
		{390D54FF-0D80-4A3B-B59B-216AD6807EAA}.Debug|Any CPU.ActiveCfg = Debug|Any CPU
		{390D54FF-0D80-4A3B-B59B-216AD6807EAA}.Debug|Any CPU.Build.0 = Debug|Any CPU
		{46F71A4D-A253-4CBC-90C8-DD2317ED82BF}.Debug|Any CPU.ActiveCfg = Debug|Any CPU
		{46F71A4D-A253-4CBC-90C8-DD2317ED82BF}.Debug|Any CPU.Build.0 = Debug|Any CPU
		{02834789-EC73-458B-A4D7-43A829D43B1C}.Debug|Any CPU.ActiveCfg = Debug|Any CPU
		{02834789-EC73-458B-A4D7-43A829D43B1C}.Debug|Any CPU.Build.0 = Debug|Any CPU
		{8C8E3B91-2224-4F79-9B4A-461752AC8CCE}.Debug|Any CPU.ActiveCfg = Debug|Any CPU
		{8C8E3B91-2224-4F79-9B4A-461752AC8CCE}.Debug|Any CPU.Build.0 = Debug|Any CPU
		{F36B7B5B-65B5-4A53-8601-0EC721EF57D0}.Debug|Any CPU.ActiveCfg = Debug|Any CPU
		{F36B7B5B-65B5-4A53-8601-0EC721EF57D0}.Debug|Any CPU.Build.0 = Debug|Any CPU
		{0A2D7C6F-8727-4945-8553-49A60A367A9E}.Debug|Any CPU.ActiveCfg = Debug|Any CPU
		{0A2D7C6F-8727-4945-8553-49A60A367A9E}.Debug|Any CPU.Build.0 = Debug|Any CPU
		{1FB6F893-48BD-49C8-AE9E-A887557F4AFF}.Debug|Any CPU.ActiveCfg = Debug|Any CPU
		{1FB6F893-48BD-49C8-AE9E-A887557F4AFF}.Debug|Any CPU.Build.0 = Debug|Any CPU
		{377A2A9F-8EF3-4E70-A937-860F92B56073}.Debug|Any CPU.ActiveCfg = Debug|Any CPU
		{377A2A9F-8EF3-4E70-A937-860F92B56073}.Debug|Any CPU.Build.0 = Debug|Any CPU
		{68EB0AB1-7677-4C70-AC30-A776558EA4F8}.Debug|Any CPU.ActiveCfg = Debug|Any CPU
		{68EB0AB1-7677-4C70-AC30-A776558EA4F8}.Debug|Any CPU.Build.0 = Debug|Any CPU
		{FAA3EA8D-F950-4B74-99F3-859E26E0675E}.Debug|Any CPU.ActiveCfg = Debug|Any CPU
		{FAA3EA8D-F950-4B74-99F3-859E26E0675E}.Debug|Any CPU.Build.0 = Debug|Any CPU
		{73C4E4B6-F258-4763-B2E9-76FC9DE95033}.Debug|Any CPU.ActiveCfg = Debug|Any CPU
		{73C4E4B6-F258-4763-B2E9-76FC9DE95033}.Debug|Any CPU.Build.0 = Debug|Any CPU
		{FF509C3E-F124-4EF1-8AED-F1E329D10673}.Debug|Any CPU.ActiveCfg = Debug|Any CPU
		{FF509C3E-F124-4EF1-8AED-F1E329D10673}.Debug|Any CPU.Build.0 = Debug|Any CPU
	EndGlobalSection
	GlobalSection(NestedProjects) = preSolution
		{B7A21669-1137-4785-AE82-8509926DFE2B} = {9AD62C89-54F6-472F-90D5-3C8D95C8018E}
		{06537608-BDEA-4AA3-A87A-9737D4D5F204} = {9AD62C89-54F6-472F-90D5-3C8D95C8018E}
		{A6DB0EBD-01CD-412A-907B-FB03AE107766} = {9AD62C89-54F6-472F-90D5-3C8D95C8018E}
		{390D54FF-0D80-4A3B-B59B-216AD6807EAA} = {9AD62C89-54F6-472F-90D5-3C8D95C8018E}
		{38772515-3BFB-4C5B-ABB7-5B7819842094} = {9AD62C89-54F6-472F-90D5-3C8D95C8018E}
		{46F71A4D-A253-4CBC-90C8-DD2317ED82BF} = {6C8CBC3F-4F85-4AE4-A2A8-B7F72913A7F5}
		{8C52BAA9-68B3-47C2-912C-07ECF4AB0DEB} = {6C8CBC3F-4F85-4AE4-A2A8-B7F72913A7F5}
		{02834789-EC73-458B-A4D7-43A829D43B1C} = {6C8CBC3F-4F85-4AE4-A2A8-B7F72913A7F5}
		{8C8E3B91-2224-4F79-9B4A-461752AC8CCE} = {6C8CBC3F-4F85-4AE4-A2A8-B7F72913A7F5}
		{F36B7B5B-65B5-4A53-8601-0EC721EF57D0} = {838D80C6-2E8C-464D-B3F7-56E4467335C8}
		{0A2D7C6F-8727-4945-8553-49A60A367A9E} = {838D80C6-2E8C-464D-B3F7-56E4467335C8}
		{1FB6F893-48BD-49C8-AE9E-A887557F4AFF} = {6C8CBC3F-4F85-4AE4-A2A8-B7F72913A7F5}
		{377A2A9F-8EF3-4E70-A937-860F92B56073} = {838D80C6-2E8C-464D-B3F7-56E4467335C8}
		{68EB0AB1-7677-4C70-AC30-A776558EA4F8} = {838D80C6-2E8C-464D-B3F7-56E4467335C8}
		{FAA3EA8D-F950-4B74-99F3-859E26E0675E} = {838D80C6-2E8C-464D-B3F7-56E4467335C8}
		{73C4E4B6-F258-4763-B2E9-76FC9DE95033} = {838D80C6-2E8C-464D-B3F7-56E4467335C8}
		{FF509C3E-F124-4EF1-8AED-F1E329D10673} = {838D80C6-2E8C-464D-B3F7-56E4467335C8}
	EndGlobalSection
EndGlobal
